
Microsoft Visual Studio Solution File, Format Version 12.00
# Visual Studio Version 16
VisualStudioVersion = 16.0.30523.141
MinimumVisualStudioVersion = 10.0.40219.1
Project("{9A19103F-16F7-4668-BE54-9A1E7A4F7556}") = "NatsApi", "NatsApi\NatsApi.csproj", "{D95A0EBA-A76D-48B2-AA8A-6738B9EC0FA3}"
EndProject
Project("{2150E333-8FDC-42A3-9474-1A3956D46DE8}") = "Api", "Api", "{C9BE0D31-842B-4B4A-8FE3-D9EE12E1E3BD}"
EndProject
Project("{2150E333-8FDC-42A3-9474-1A3956D46DE8}") = "BackgroundService", "BackgroundService", "{5EAFC033-D09F-48C9-BCCF-1C99DCEBDA54}"
EndProject
Project("{9A19103F-16F7-4668-BE54-9A1E7A4F7556}") = "NatsConsumer", "NatsConsumer\NatsConsumer.csproj", "{56D69B18-8CE9-4207-B334-F2ECF6D46D53}"
EndProject

Project("{2150E333-8FDC-42A3-9474-1A3956D46DE8}") = "Solution Items", "Solution Items", "{88A45953-BA6C-427A-B236-C89EB9011E18}"
	ProjectSection(SolutionItems) = preProject
		azure-pipelines.yml = azure-pipelines.yml
		Build.ps1 = Build.ps1
		Deploy.ps1 = Deploy.ps1
		DeployNats.ps1 = DeployNats.ps1
		populate-registry.ps1 = populate-registry.ps1
		readme.md = readme.md
		Recreate-Consumer.ps1 = Recreate-Consumer.ps1
		Recreate-StreamAndSubject.ps1 = Recreate-StreamAndSubject.ps1
	EndProjectSection
EndProject

Project("{2150E333-8FDC-42A3-9474-1A3956D46DE8}") = "deploy", "deploy", "{71C8596A-FC98-4907-B94F-4C8F71D93409}"
EndProject

Project("{2150E333-8FDC-42A3-9474-1A3956D46DE8}") = "common", "common", "{C46D5B87-4986-462C-AF63-B8A132C473A9}"
	ProjectSection(SolutionItems) = preProject
		deploy\common\configmap.yaml = deploy\common\configmap.yaml
		deploy\common\kustomization.yaml = deploy\common\kustomization.yaml
	EndProjectSection
EndProject

Project("{2150E333-8FDC-42A3-9474-1A3956D46DE8}") = "nats", "nats", "{73B6645E-1405-4E8B-AAC5-B21734D2BD4E}"
	ProjectSection(SolutionItems) = preProject
		deploy\nats\configmap.yaml = deploy\nats\configmap.yaml
		deploy\nats\ingress.yaml = deploy\nats\ingress.yaml
		deploy\nats\kustomization.yaml = deploy\nats\kustomization.yaml
		deploy\nats\namespace.yaml = deploy\nats\namespace.yaml
		deploy\nats\nats.conf = deploy\nats\nats.conf
		deploy\nats\service.yaml = deploy\nats\service.yaml
		deploy\nats\statefulset.yaml = deploy\nats\statefulset.yaml
	EndProjectSection
EndProject

Project("{2150E333-8FDC-42A3-9474-1A3956D46DE8}") = "natsapi", "natsapi", "{BF13C592-9776-46C1-9B49-6FB75F5E6F76}"
	ProjectSection(SolutionItems) = preProject
		deploy\natsapi\deployment.yaml = deploy\natsapi\deployment.yaml
		deploy\natsapi\ingress.yaml = deploy\natsapi\ingress.yaml
		deploy\natsapi\kustomization.yaml = deploy\natsapi\kustomization.yaml
		deploy\natsapi\namespace.yaml = deploy\natsapi\namespace.yaml
		deploy\natsapi\service.yaml = deploy\natsapi\service.yaml
	EndProjectSection
EndProject
Project("{2150E333-8FDC-42A3-9474-1A3956D46DE8}") = "natsconsumer", "natsconsumer", "{53FFDCC5-2CC9-4340-A0C2-8A3570195581}"
	ProjectSection(SolutionItems) = preProject
		deploy\natsconsumer\deployment.yaml = deploy\natsconsumer\deployment.yaml
		deploy\natsconsumer\ingress.yaml = deploy\natsconsumer\ingress.yaml
		deploy\natsconsumer\kustomization.yaml = deploy\natsconsumer\kustomization.yaml
		deploy\natsconsumer\namespace.yaml = deploy\natsconsumer\namespace.yaml
		deploy\natsconsumer\service.yaml = deploy\natsconsumer\service.yaml
	EndProjectSection
EndProject
Project("{9A19103F-16F7-4668-BE54-9A1E7A4F7556}") = "Model", "Model\Model.csproj", "{2BCC5773-D6E5-4127-8D01-C1BE10612939}"
EndProject
Project("{2150E333-8FDC-42A3-9474-1A3956D46DE8}") = "all", "all", "{BAEB3148-3D83-481B-8673-4C37DFE42503}"
	ProjectSection(SolutionItems) = preProject
		deploy\all\kustomization.yaml = deploy\all\kustomization.yaml
		deploy\all\service.yaml = deploy\all\service.yaml
	EndProjectSection
EndProject
Project("{2150E333-8FDC-42A3-9474-1A3956D46DE8}") = "deploynats", "deploynats", "{DB30E12C-8CE3-4DFB-84BA-D9A544643808}"
	ProjectSection(SolutionItems) = preProject
		deploynats\configmap.yaml = deploynats\configmap.yaml
		deploynats\ingress.yaml = deploynats\ingress.yaml
		deploynats\kustomization.yaml = deploynats\kustomization.yaml
		deploynats\namespace.yaml = deploynats\namespace.yaml
		deploynats\nats.conf = deploynats\nats.conf
		deploynats\service.yaml = deploynats\service.yaml
		deploynats\statefulset.yaml = deploynats\statefulset.yaml
	EndProjectSection
EndProject
Global
	GlobalSection(SolutionConfigurationPlatforms) = preSolution
		Debug|Any CPU = Debug|Any CPU
		Release|Any CPU = Release|Any CPU
	EndGlobalSection
	GlobalSection(ProjectConfigurationPlatforms) = postSolution
		{D95A0EBA-A76D-48B2-AA8A-6738B9EC0FA3}.Debug|Any CPU.ActiveCfg = Debug|Any CPU
		{D95A0EBA-A76D-48B2-AA8A-6738B9EC0FA3}.Debug|Any CPU.Build.0 = Debug|Any CPU
		{D95A0EBA-A76D-48B2-AA8A-6738B9EC0FA3}.Release|Any CPU.ActiveCfg = Release|Any CPU
		{D95A0EBA-A76D-48B2-AA8A-6738B9EC0FA3}.Release|Any CPU.Build.0 = Release|Any CPU
		{56D69B18-8CE9-4207-B334-F2ECF6D46D53}.Debug|Any CPU.ActiveCfg = Debug|Any CPU
		{56D69B18-8CE9-4207-B334-F2ECF6D46D53}.Debug|Any CPU.Build.0 = Debug|Any CPU
		{56D69B18-8CE9-4207-B334-F2ECF6D46D53}.Release|Any CPU.ActiveCfg = Release|Any CPU
		{56D69B18-8CE9-4207-B334-F2ECF6D46D53}.Release|Any CPU.Build.0 = Release|Any CPU
		{2BCC5773-D6E5-4127-8D01-C1BE10612939}.Debug|Any CPU.ActiveCfg = Debug|Any CPU
		{2BCC5773-D6E5-4127-8D01-C1BE10612939}.Debug|Any CPU.Build.0 = Debug|Any CPU
		{2BCC5773-D6E5-4127-8D01-C1BE10612939}.Release|Any CPU.ActiveCfg = Release|Any CPU
		{2BCC5773-D6E5-4127-8D01-C1BE10612939}.Release|Any CPU.Build.0 = Release|Any CPU
	EndGlobalSection
	GlobalSection(SolutionProperties) = preSolution
		HideSolutionNode = FALSE
	EndGlobalSection
	GlobalSection(NestedProjects) = preSolution
		{D95A0EBA-A76D-48B2-AA8A-6738B9EC0FA3} = {C9BE0D31-842B-4B4A-8FE3-D9EE12E1E3BD}
		{56D69B18-8CE9-4207-B334-F2ECF6D46D53} = {5EAFC033-D09F-48C9-BCCF-1C99DCEBDA54}
		{71C8596A-FC98-4907-B94F-4C8F71D93409} = {88A45953-BA6C-427A-B236-C89EB9011E18}
		{C46D5B87-4986-462C-AF63-B8A132C473A9} = {71C8596A-FC98-4907-B94F-4C8F71D93409}
		{73B6645E-1405-4E8B-AAC5-B21734D2BD4E} = {71C8596A-FC98-4907-B94F-4C8F71D93409}
		{BF13C592-9776-46C1-9B49-6FB75F5E6F76} = {71C8596A-FC98-4907-B94F-4C8F71D93409}
		{53FFDCC5-2CC9-4340-A0C2-8A3570195581} = {71C8596A-FC98-4907-B94F-4C8F71D93409}
		{BAEB3148-3D83-481B-8673-4C37DFE42503} = {71C8596A-FC98-4907-B94F-4C8F71D93409}
		{DB30E12C-8CE3-4DFB-84BA-D9A544643808} = {88A45953-BA6C-427A-B236-C89EB9011E18}
	EndGlobalSection
	GlobalSection(ExtensibilityGlobals) = postSolution
		SolutionGuid = {EB477A7A-7F21-4A3C-A67A-7E33906B0436}
	EndGlobalSection
EndGlobal
